
Microsoft Visual Studio Solution File, Format Version 12.00
# Visual Studio Version 17
VisualStudioVersion = 17.5.33502.453
MinimumVisualStudioVersion = 10.0.40219.1
Project("{FAE04EC0-301F-11D3-BF4B-00C04F79EFBC}") = "MVC_WebApplication_Sample", "MVC_WebApplication_Sample.csproj", "{AABB20C1-F99F-4EB9-B8EE-A7BCB2E133D4}"
EndProject
Global
	GlobalSection(SolutionConfigurationPlatforms) = preSolution
		Debug|Any CPU = Debug|Any CPU
		Release|Any CPU = Release|Any CPU
	EndGlobalSection
	GlobalSection(ProjectConfigurationPlatforms) = postSolution
		{AABB20C1-F99F-4EB9-B8EE-A7BCB2E133D4}.Debug|Any CPU.ActiveCfg = Debug|Any CPU
		{AABB20C1-F99F-4EB9-B8EE-A7BCB2E133D4}.Debug|Any CPU.Build.0 = Debug|Any CPU
		{AABB20C1-F99F-4EB9-B8EE-A7BCB2E133D4}.Release|Any CPU.ActiveCfg = Release|Any CPU
		{AABB20C1-F99F-4EB9-B8EE-A7BCB2E133D4}.Release|Any CPU.Build.0 = Release|Any CPU
	EndGlobalSection
	GlobalSection(SolutionProperties) = preSolution
		HideSolutionNode = FALSE
	EndGlobalSection
	GlobalSection(ExtensibilityGlobals) = postSolution
		SolutionGuid = {CC437A23-9645-49DE-B599-9F91103C0C83}
	EndGlobalSection
EndGlobal
