
Microsoft Visual Studio Solution File, Format Version 12.00
# Visual Studio Version 17
VisualStudioVersion = 17.5.33502.453
MinimumVisualStudioVersion = 10.0.40219.1
Project("{FAE04EC0-301F-11D3-BF4B-00C04F79EFBC}") = "Text_Editor", "Text_Editor.csproj", "{658E48AB-BC9B-457A-A577-AF8D244DFEB3}"
EndProject
Global
	GlobalSection(SolutionConfigurationPlatforms) = preSolution
		Debug|Any CPU = Debug|Any CPU
		Release|Any CPU = Release|Any CPU
	EndGlobalSection
	GlobalSection(ProjectConfigurationPlatforms) = postSolution
		{658E48AB-BC9B-457A-A577-AF8D244DFEB3}.Debug|Any CPU.ActiveCfg = Debug|Any CPU
		{658E48AB-BC9B-457A-A577-AF8D244DFEB3}.Debug|Any CPU.Build.0 = Debug|Any CPU
		{658E48AB-BC9B-457A-A577-AF8D244DFEB3}.Release|Any CPU.ActiveCfg = Release|Any CPU
		{658E48AB-BC9B-457A-A577-AF8D244DFEB3}.Release|Any CPU.Build.0 = Release|Any CPU
	EndGlobalSection
	GlobalSection(SolutionProperties) = preSolution
		HideSolutionNode = FALSE
	EndGlobalSection
	GlobalSection(ExtensibilityGlobals) = postSolution
		SolutionGuid = {350ABEA6-9C9D-45FF-AD5B-8AF1038A6618}
	EndGlobalSection
EndGlobal
