
Microsoft Visual Studio Solution File, Format Version 12.00
# Visual Studio Version 17
VisualStudioVersion = 17.5.33502.453
MinimumVisualStudioVersion = 10.0.40219.1
Project("{FAE04EC0-301F-11D3-BF4B-00C04F79EFBC}") = "RechargeGo", "RechargeGo.csproj", "{F144F166-B516-4846-85E4-E970A78A9665}"
EndProject
Global
	GlobalSection(SolutionConfigurationPlatforms) = preSolution
		Debug|Any CPU = Debug|Any CPU
		Release|Any CPU = Release|Any CPU
	EndGlobalSection
	GlobalSection(ProjectConfigurationPlatforms) = postSolution
		{F144F166-B516-4846-85E4-E970A78A9665}.Debug|Any CPU.ActiveCfg = Debug|Any CPU
		{F144F166-B516-4846-85E4-E970A78A9665}.Debug|Any CPU.Build.0 = Debug|Any CPU
		{F144F166-B516-4846-85E4-E970A78A9665}.Release|Any CPU.ActiveCfg = Release|Any CPU
		{F144F166-B516-4846-85E4-E970A78A9665}.Release|Any CPU.Build.0 = Release|Any CPU
	EndGlobalSection
	GlobalSection(SolutionProperties) = preSolution
		HideSolutionNode = FALSE
	EndGlobalSection
	GlobalSection(ExtensibilityGlobals) = postSolution
		SolutionGuid = {830989C1-1C38-4386-9B3F-AD7AFF1F6F05}
	EndGlobalSection
EndGlobal
